
Microsoft Visual Studio Solution File, Format Version 11.00
# Visual Studio 2010
Project("{FAE04EC0-301F-11D3-BF4B-00C04F79EFBC}") = "RFID_Webservice", "RFID_Webservice\RFID_Webservice.csproj", "{4547864A-7FCD-44E3-87FB-398D70781AC7}"
EndProject
Global
	GlobalSection(SolutionConfigurationPlatforms) = preSolution
		Debug|Any CPU = Debug|Any CPU
		Release|Any CPU = Release|Any CPU
	EndGlobalSection
	GlobalSection(ProjectConfigurationPlatforms) = postSolution
		{4547864A-7FCD-44E3-87FB-398D70781AC7}.Debug|Any CPU.ActiveCfg = Debug|Any CPU
		{4547864A-7FCD-44E3-87FB-398D70781AC7}.Debug|Any CPU.Build.0 = Debug|Any CPU
		{4547864A-7FCD-44E3-87FB-398D70781AC7}.Release|Any CPU.ActiveCfg = Release|Any CPU
		{4547864A-7FCD-44E3-87FB-398D70781AC7}.Release|Any CPU.Build.0 = Release|Any CPU
	EndGlobalSection
	GlobalSection(SolutionProperties) = preSolution
		HideSolutionNode = FALSE
	EndGlobalSection
EndGlobal
